
Microsoft Visual Studio Solution File, Format Version 12.00
# Visual Studio Version 17
VisualStudioVersion = 17.11.35303.130
MinimumVisualStudioVersion = 10.0.40219.1
Project("{9A19103F-16F7-4668-BE54-9A1E7A4F7556}") = "Tyuiu.NovikovaVA.Sprint2.Task0.V12", "Tyuiu.NovikovaVA.Sprint2.Task0.V12\Tyuiu.NovikovaVA.Sprint2.Task0.V12.csproj", "{1104426F-6B31-4B68-AC1D-33514EAA7961}"
EndProject
Project("{2150E333-8FDC-42A3-9474-1A3956D46DE8}") = "Task0", "Task0", "{4C8C3446-8FCB-4287-9ACD-F1FD9342F1C1}"
EndProject
Project("{9A19103F-16F7-4668-BE54-9A1E7A4F7556}") = "Tyuiu.NovikovaVA.Sprint2.Task0.V12.Lib", "Tyuiu.NovikovaVA.Sprint2.Task0.V12.Lib\Tyuiu.NovikovaVA.Sprint2.Task0.V12.Lib.csproj", "{D7076B51-5D1B-4995-AFCF-754A5A9C52FE}"
EndProject
Project("{9A19103F-16F7-4668-BE54-9A1E7A4F7556}") = "Tyuiu.NovikovaVA.Sprint2.Task0.V12.Test", "Tyuiu.NovikovaVA.Sprint2.Task0.V12.Test\Tyuiu.NovikovaVA.Sprint2.Task0.V12.Test.csproj", "{215277AF-4DCE-42F3-B3A5-0DD93973E228}"
EndProject
Project("{2150E333-8FDC-42A3-9474-1A3956D46DE8}") = "Task1", "Task1", "{DB86DE79-807C-498D-A57D-95DDAE55FFC3}"
EndProject
Project("{9A19103F-16F7-4668-BE54-9A1E7A4F7556}") = "Tyuiu.NovikovaVA.Sprint2.Task1.V20", "Tyuiu.NovikovaVA.Sprint2.Task1.V20\Tyuiu.NovikovaVA.Sprint2.Task1.V20.csproj", "{F5130D33-B998-41FE-BE1F-8B993F5D9BC7}"
EndProject
Project("{9A19103F-16F7-4668-BE54-9A1E7A4F7556}") = "Tyuiu.NovikovaVA.Sprint2.Task1.V20.Lib", "Tyuiu.NovikovaVA.Sprint2.Task1.V20.Lib\Tyuiu.NovikovaVA.Sprint2.Task1.V20.Lib.csproj", "{469DE241-5A64-48F7-817F-E68281E3CA94}"
EndProject
Project("{9A19103F-16F7-4668-BE54-9A1E7A4F7556}") = "Tyuiu.NovikovaVA.Sprint2.Task1.V20.Test", "Tyuiu.NovikovaVA.Sprint2.Task1.V20.Test\Tyuiu.NovikovaVA.Sprint2.Task1.V20.Test.csproj", "{21E39F65-D971-416F-BE7A-EDD12CCAA84A}"
EndProject
Project("{2150E333-8FDC-42A3-9474-1A3956D46DE8}") = "Task2", "Task2", "{7A01CA1E-E398-43B3-A193-F5B518DD7EAF}"
EndProject
Project("{9A19103F-16F7-4668-BE54-9A1E7A4F7556}") = "Tyuiu.NovikovaVA.Sprint2.Task2.V14", "Tyuiu.NovikovaVA.Sprint2.Task2.V14\Tyuiu.NovikovaVA.Sprint2.Task2.V14.csproj", "{219C2389-A91D-4D32-8198-001D40AC98AD}"
EndProject
Project("{9A19103F-16F7-4668-BE54-9A1E7A4F7556}") = "Tyuiu.NovikovaVA.Sprint2.Task2.V14.Lib", "Tyuiu.NovikovaVA.Sprint2.Task2.V14.Lib\Tyuiu.NovikovaVA.Sprint2.Task2.V14.Lib.csproj", "{587ADAC8-7445-417D-91E2-E2C99F753D26}"
EndProject
Project("{9A19103F-16F7-4668-BE54-9A1E7A4F7556}") = "Tyuiu.NovikovaVA.Sprint2.Task2.V14.Test", "Tyuiu.NovikovaVA.Sprint2.Task2.V14.Test\Tyuiu.NovikovaVA.Sprint2.Task2.V14.Test.csproj", "{70D0E7FF-A576-4AB2-924E-720FA10EE0D9}"
EndProject
Project("{2150E333-8FDC-42A3-9474-1A3956D46DE8}") = "Task3", "Task3", "{591DD06C-2031-478F-92F4-EE5191D81ADC}"
EndProject
Project("{9A19103F-16F7-4668-BE54-9A1E7A4F7556}") = "Tyuiu.NovikovaVA.Sprint2.Task3.V6", "Tyuiu.NovikovaVA.Sprint2.Task3.V6\Tyuiu.NovikovaVA.Sprint2.Task3.V6.csproj", "{8B16E00F-2361-4240-8B45-E037380F64FC}"
EndProject
Project("{9A19103F-16F7-4668-BE54-9A1E7A4F7556}") = "Tyuiu.NovikovaVA.Sprint2.Task3.V6.Lib", "Tyuiu.NovikovaVA.Sprint2.Task3.V6.Lib\Tyuiu.NovikovaVA.Sprint2.Task3.V6.Lib.csproj", "{B09C1118-0F09-46ED-98F3-C61F5E06708F}"
EndProject
Project("{9A19103F-16F7-4668-BE54-9A1E7A4F7556}") = "Tyuiu.NovikovaVA.Sprint2.Task3.V6.Test", "Tyuiu.NovikovaVA.Sprint2.Task3.V6.Test\Tyuiu.NovikovaVA.Sprint2.Task3.V6.Test.csproj", "{D87FDACF-6087-48A6-A35E-61EF8223385E}"
EndProject
Project("{2150E333-8FDC-42A3-9474-1A3956D46DE8}") = "Task4", "Task4", "{D8F955C9-CA92-47A2-B455-72543741A1F8}"
EndProject
Project("{9A19103F-16F7-4668-BE54-9A1E7A4F7556}") = "Tyuiu.NovikovaVA.Sprint2.Task4.V14", "Tyuiu.NovikovaVA.Sprint2.Task4.V14\Tyuiu.NovikovaVA.Sprint2.Task4.V14.csproj", "{A34CC01E-24A4-472F-B3BC-454B498B25F7}"
EndProject
Project("{9A19103F-16F7-4668-BE54-9A1E7A4F7556}") = "Tyuiu.NovikovaVA.Sprint2.Task4.V14.Lib", "Tyuiu.NovikovaVA.Sprint2.Task4.V14.Lib\Tyuiu.NovikovaVA.Sprint2.Task4.V14.Lib.csproj", "{AE365690-A538-4F1A-8A61-D19B8246FDAB}"
EndProject
Project("{9A19103F-16F7-4668-BE54-9A1E7A4F7556}") = "Tyuiu.NovikovaVA.Sprint2.Task4.V14.Test", "Tyuiu.NovikovaVA.Sprint2.Task4.V14.Test\Tyuiu.NovikovaVA.Sprint2.Task4.V14.Test.csproj", "{21726C7D-7D1A-4B87-8384-DDE9D56584A9}"
EndProject
Project("{2150E333-8FDC-42A3-9474-1A3956D46DE8}") = "Task5", "Task5", "{2EF71001-6854-4C98-9D0A-996F3E57F2E3}"
EndProject
Project("{FAE04EC0-301F-11D3-BF4B-00C04F79EFBC}") = "Tyuiu.NovikovaVA.Sprint2.Task5.V15", "Tyuiu.NovikovaVA.Sprint2.Task5.V15\Tyuiu.NovikovaVA.Sprint2.Task5.V15.csproj", "{6D82FF8C-2456-4CA6-A1B2-37B33866C9DC}"
EndProject
Project("{FAE04EC0-301F-11D3-BF4B-00C04F79EFBC}") = "Tyuiu.NovikovaVA.Sprint2.Task5.V15.Lib", "Tyuiu.NovikovaVA.Sprint2.Task5.V15.Lib\Tyuiu.NovikovaVA.Sprint2.Task5.V15.Lib.csproj", "{263C86B0-6EF0-4950-BB08-327D0A24785C}"
EndProject
Project("{FAE04EC0-301F-11D3-BF4B-00C04F79EFBC}") = "Tyuiu.NovikovaVA.Sprint2.Task5.V15.Test", "Tyuiu.NovikovaVA.Sprint2.Task5.V15.Test\Tyuiu.NovikovaVA.Sprint2.Task5.V15.Test.csproj", "{93EFDEFE-E070-40ED-A6DD-5B0ACF1A1EA2}"
EndProject
Global
	GlobalSection(SolutionConfigurationPlatforms) = preSolution
		Debug|Any CPU = Debug|Any CPU
		Release|Any CPU = Release|Any CPU
	EndGlobalSection
	GlobalSection(ProjectConfigurationPlatforms) = postSolution
		{1104426F-6B31-4B68-AC1D-33514EAA7961}.Debug|Any CPU.ActiveCfg = Debug|Any CPU
		{1104426F-6B31-4B68-AC1D-33514EAA7961}.Debug|Any CPU.Build.0 = Debug|Any CPU
		{1104426F-6B31-4B68-AC1D-33514EAA7961}.Release|Any CPU.ActiveCfg = Release|Any CPU
		{1104426F-6B31-4B68-AC1D-33514EAA7961}.Release|Any CPU.Build.0 = Release|Any CPU
		{D7076B51-5D1B-4995-AFCF-754A5A9C52FE}.Debug|Any CPU.ActiveCfg = Debug|Any CPU
		{D7076B51-5D1B-4995-AFCF-754A5A9C52FE}.Debug|Any CPU.Build.0 = Debug|Any CPU
		{D7076B51-5D1B-4995-AFCF-754A5A9C52FE}.Release|Any CPU.ActiveCfg = Release|Any CPU
		{D7076B51-5D1B-4995-AFCF-754A5A9C52FE}.Release|Any CPU.Build.0 = Release|Any CPU
		{215277AF-4DCE-42F3-B3A5-0DD93973E228}.Debug|Any CPU.ActiveCfg = Debug|Any CPU
		{215277AF-4DCE-42F3-B3A5-0DD93973E228}.Debug|Any CPU.Build.0 = Debug|Any CPU
		{215277AF-4DCE-42F3-B3A5-0DD93973E228}.Release|Any CPU.ActiveCfg = Release|Any CPU
		{215277AF-4DCE-42F3-B3A5-0DD93973E228}.Release|Any CPU.Build.0 = Release|Any CPU
		{F5130D33-B998-41FE-BE1F-8B993F5D9BC7}.Debug|Any CPU.ActiveCfg = Debug|Any CPU
		{F5130D33-B998-41FE-BE1F-8B993F5D9BC7}.Debug|Any CPU.Build.0 = Debug|Any CPU
		{F5130D33-B998-41FE-BE1F-8B993F5D9BC7}.Release|Any CPU.ActiveCfg = Release|Any CPU
		{F5130D33-B998-41FE-BE1F-8B993F5D9BC7}.Release|Any CPU.Build.0 = Release|Any CPU
		{469DE241-5A64-48F7-817F-E68281E3CA94}.Debug|Any CPU.ActiveCfg = Debug|Any CPU
		{469DE241-5A64-48F7-817F-E68281E3CA94}.Debug|Any CPU.Build.0 = Debug|Any CPU
		{469DE241-5A64-48F7-817F-E68281E3CA94}.Release|Any CPU.ActiveCfg = Release|Any CPU
		{469DE241-5A64-48F7-817F-E68281E3CA94}.Release|Any CPU.Build.0 = Release|Any CPU
		{21E39F65-D971-416F-BE7A-EDD12CCAA84A}.Debug|Any CPU.ActiveCfg = Debug|Any CPU
		{21E39F65-D971-416F-BE7A-EDD12CCAA84A}.Debug|Any CPU.Build.0 = Debug|Any CPU
		{21E39F65-D971-416F-BE7A-EDD12CCAA84A}.Release|Any CPU.ActiveCfg = Release|Any CPU
		{21E39F65-D971-416F-BE7A-EDD12CCAA84A}.Release|Any CPU.Build.0 = Release|Any CPU
		{219C2389-A91D-4D32-8198-001D40AC98AD}.Debug|Any CPU.ActiveCfg = Debug|Any CPU
		{219C2389-A91D-4D32-8198-001D40AC98AD}.Debug|Any CPU.Build.0 = Debug|Any CPU
		{219C2389-A91D-4D32-8198-001D40AC98AD}.Release|Any CPU.ActiveCfg = Release|Any CPU
		{219C2389-A91D-4D32-8198-001D40AC98AD}.Release|Any CPU.Build.0 = Release|Any CPU
		{587ADAC8-7445-417D-91E2-E2C99F753D26}.Debug|Any CPU.ActiveCfg = Debug|Any CPU
		{587ADAC8-7445-417D-91E2-E2C99F753D26}.Debug|Any CPU.Build.0 = Debug|Any CPU
		{587ADAC8-7445-417D-91E2-E2C99F753D26}.Release|Any CPU.ActiveCfg = Release|Any CPU
		{587ADAC8-7445-417D-91E2-E2C99F753D26}.Release|Any CPU.Build.0 = Release|Any CPU
		{70D0E7FF-A576-4AB2-924E-720FA10EE0D9}.Debug|Any CPU.ActiveCfg = Debug|Any CPU
		{70D0E7FF-A576-4AB2-924E-720FA10EE0D9}.Debug|Any CPU.Build.0 = Debug|Any CPU
		{70D0E7FF-A576-4AB2-924E-720FA10EE0D9}.Release|Any CPU.ActiveCfg = Release|Any CPU
		{70D0E7FF-A576-4AB2-924E-720FA10EE0D9}.Release|Any CPU.Build.0 = Release|Any CPU
		{8B16E00F-2361-4240-8B45-E037380F64FC}.Debug|Any CPU.ActiveCfg = Debug|Any CPU
		{8B16E00F-2361-4240-8B45-E037380F64FC}.Debug|Any CPU.Build.0 = Debug|Any CPU
		{8B16E00F-2361-4240-8B45-E037380F64FC}.Release|Any CPU.ActiveCfg = Release|Any CPU
		{8B16E00F-2361-4240-8B45-E037380F64FC}.Release|Any CPU.Build.0 = Release|Any CPU
		{B09C1118-0F09-46ED-98F3-C61F5E06708F}.Debug|Any CPU.ActiveCfg = Debug|Any CPU
		{B09C1118-0F09-46ED-98F3-C61F5E06708F}.Debug|Any CPU.Build.0 = Debug|Any CPU
		{B09C1118-0F09-46ED-98F3-C61F5E06708F}.Release|Any CPU.ActiveCfg = Release|Any CPU
		{B09C1118-0F09-46ED-98F3-C61F5E06708F}.Release|Any CPU.Build.0 = Release|Any CPU
		{D87FDACF-6087-48A6-A35E-61EF8223385E}.Debug|Any CPU.ActiveCfg = Debug|Any CPU
		{D87FDACF-6087-48A6-A35E-61EF8223385E}.Debug|Any CPU.Build.0 = Debug|Any CPU
		{D87FDACF-6087-48A6-A35E-61EF8223385E}.Release|Any CPU.ActiveCfg = Release|Any CPU
		{D87FDACF-6087-48A6-A35E-61EF8223385E}.Release|Any CPU.Build.0 = Release|Any CPU
		{A34CC01E-24A4-472F-B3BC-454B498B25F7}.Debug|Any CPU.ActiveCfg = Debug|Any CPU
		{A34CC01E-24A4-472F-B3BC-454B498B25F7}.Debug|Any CPU.Build.0 = Debug|Any CPU
		{A34CC01E-24A4-472F-B3BC-454B498B25F7}.Release|Any CPU.ActiveCfg = Release|Any CPU
		{A34CC01E-24A4-472F-B3BC-454B498B25F7}.Release|Any CPU.Build.0 = Release|Any CPU
		{AE365690-A538-4F1A-8A61-D19B8246FDAB}.Debug|Any CPU.ActiveCfg = Debug|Any CPU
		{AE365690-A538-4F1A-8A61-D19B8246FDAB}.Debug|Any CPU.Build.0 = Debug|Any CPU
		{AE365690-A538-4F1A-8A61-D19B8246FDAB}.Release|Any CPU.ActiveCfg = Release|Any CPU
		{AE365690-A538-4F1A-8A61-D19B8246FDAB}.Release|Any CPU.Build.0 = Release|Any CPU
		{21726C7D-7D1A-4B87-8384-DDE9D56584A9}.Debug|Any CPU.ActiveCfg = Debug|Any CPU
		{21726C7D-7D1A-4B87-8384-DDE9D56584A9}.Debug|Any CPU.Build.0 = Debug|Any CPU
		{21726C7D-7D1A-4B87-8384-DDE9D56584A9}.Release|Any CPU.ActiveCfg = Release|Any CPU
		{21726C7D-7D1A-4B87-8384-DDE9D56584A9}.Release|Any CPU.Build.0 = Release|Any CPU
		{6D82FF8C-2456-4CA6-A1B2-37B33866C9DC}.Debug|Any CPU.ActiveCfg = Debug|Any CPU
		{6D82FF8C-2456-4CA6-A1B2-37B33866C9DC}.Debug|Any CPU.Build.0 = Debug|Any CPU
		{6D82FF8C-2456-4CA6-A1B2-37B33866C9DC}.Release|Any CPU.ActiveCfg = Release|Any CPU
		{6D82FF8C-2456-4CA6-A1B2-37B33866C9DC}.Release|Any CPU.Build.0 = Release|Any CPU
		{263C86B0-6EF0-4950-BB08-327D0A24785C}.Debug|Any CPU.ActiveCfg = Debug|Any CPU
		{263C86B0-6EF0-4950-BB08-327D0A24785C}.Debug|Any CPU.Build.0 = Debug|Any CPU
		{263C86B0-6EF0-4950-BB08-327D0A24785C}.Release|Any CPU.ActiveCfg = Release|Any CPU
		{263C86B0-6EF0-4950-BB08-327D0A24785C}.Release|Any CPU.Build.0 = Release|Any CPU
		{93EFDEFE-E070-40ED-A6DD-5B0ACF1A1EA2}.Debug|Any CPU.ActiveCfg = Debug|Any CPU
		{93EFDEFE-E070-40ED-A6DD-5B0ACF1A1EA2}.Debug|Any CPU.Build.0 = Debug|Any CPU
		{93EFDEFE-E070-40ED-A6DD-5B0ACF1A1EA2}.Release|Any CPU.ActiveCfg = Release|Any CPU
		{93EFDEFE-E070-40ED-A6DD-5B0ACF1A1EA2}.Release|Any CPU.Build.0 = Release|Any CPU
	EndGlobalSection
	GlobalSection(SolutionProperties) = preSolution
		HideSolutionNode = FALSE
	EndGlobalSection
	GlobalSection(NestedProjects) = preSolution
		{1104426F-6B31-4B68-AC1D-33514EAA7961} = {4C8C3446-8FCB-4287-9ACD-F1FD9342F1C1}
		{D7076B51-5D1B-4995-AFCF-754A5A9C52FE} = {4C8C3446-8FCB-4287-9ACD-F1FD9342F1C1}
		{215277AF-4DCE-42F3-B3A5-0DD93973E228} = {4C8C3446-8FCB-4287-9ACD-F1FD9342F1C1}
		{F5130D33-B998-41FE-BE1F-8B993F5D9BC7} = {DB86DE79-807C-498D-A57D-95DDAE55FFC3}
		{469DE241-5A64-48F7-817F-E68281E3CA94} = {DB86DE79-807C-498D-A57D-95DDAE55FFC3}
		{21E39F65-D971-416F-BE7A-EDD12CCAA84A} = {DB86DE79-807C-498D-A57D-95DDAE55FFC3}
		{219C2389-A91D-4D32-8198-001D40AC98AD} = {7A01CA1E-E398-43B3-A193-F5B518DD7EAF}
		{587ADAC8-7445-417D-91E2-E2C99F753D26} = {7A01CA1E-E398-43B3-A193-F5B518DD7EAF}
		{70D0E7FF-A576-4AB2-924E-720FA10EE0D9} = {7A01CA1E-E398-43B3-A193-F5B518DD7EAF}
		{8B16E00F-2361-4240-8B45-E037380F64FC} = {591DD06C-2031-478F-92F4-EE5191D81ADC}
		{B09C1118-0F09-46ED-98F3-C61F5E06708F} = {591DD06C-2031-478F-92F4-EE5191D81ADC}
		{D87FDACF-6087-48A6-A35E-61EF8223385E} = {591DD06C-2031-478F-92F4-EE5191D81ADC}
		{A34CC01E-24A4-472F-B3BC-454B498B25F7} = {D8F955C9-CA92-47A2-B455-72543741A1F8}
		{AE365690-A538-4F1A-8A61-D19B8246FDAB} = {D8F955C9-CA92-47A2-B455-72543741A1F8}
		{21726C7D-7D1A-4B87-8384-DDE9D56584A9} = {D8F955C9-CA92-47A2-B455-72543741A1F8}
		{6D82FF8C-2456-4CA6-A1B2-37B33866C9DC} = {2EF71001-6854-4C98-9D0A-996F3E57F2E3}
		{263C86B0-6EF0-4950-BB08-327D0A24785C} = {2EF71001-6854-4C98-9D0A-996F3E57F2E3}
		{93EFDEFE-E070-40ED-A6DD-5B0ACF1A1EA2} = {2EF71001-6854-4C98-9D0A-996F3E57F2E3}
	EndGlobalSection
	GlobalSection(ExtensibilityGlobals) = postSolution
		SolutionGuid = {31A7EC52-AFE6-4300-9C47-2E78F3C37094}
	EndGlobalSection
EndGlobal
